// !$*UTF8*$!
{
	archiveVersion = 1;
	classes = {
	};
	objectVersion = 55;
	objects = {

/* Begin PBXBuildFile section */
		3C07AC2E28524C3C0017E069 /* AppDelegate.swift in Sources */ = {isa = PBXBuildFile; fileRef = 3C07AC2D28524C3C0017E069 /* AppDelegate.swift */; };
		3C07AC3028524C3C0017E069 /* SceneDelegate.swift in Sources */ = {isa = PBXBuildFile; fileRef = 3C07AC2F28524C3C0017E069 /* SceneDelegate.swift */; };
		3C07AC3228524C3C0017E069 /* ViewController.swift in Sources */ = {isa = PBXBuildFile; fileRef = 3C07AC3128524C3C0017E069 /* ViewController.swift */; };
		3C07AC3728524C3D0017E069 /* Assets.xcassets in Resources */ = {isa = PBXBuildFile; fileRef = 3C07AC3628524C3D0017E069 /* Assets.xcassets */; };
		3C07AC3A28524C3D0017E069 /* LaunchScreen.storyboard in Resources */ = {isa = PBXBuildFile; fileRef = 3C07AC3828524C3D0017E069 /* LaunchScreen.storyboard */; };
		3C07AC4228524D410017E069 /* Mock.swift in Sources */ = {isa = PBXBuildFile; fileRef = 3C07AC4128524D410017E069 /* Mock.swift */; };
		3C07AC4428524D6C0017E069 /* Article.swift in Sources */ = {isa = PBXBuildFile; fileRef = 3C07AC4328524D6C0017E069 /* Article.swift */; };
		3C07AC4628524EB10017E069 /* DynamicArticleTableViewCell.swift in Sources */ = {isa = PBXBuildFile; fileRef = 3C07AC4528524EB10017E069 /* DynamicArticleTableViewCell.swift */; };
		3C07AC4828524EFD0017E069 /* StaticArticleTableViewCell.swift in Sources */ = {isa = PBXBuildFile; fileRef = 3C07AC4728524EFD0017E069 /* StaticArticleTableViewCell.swift */; };
		3C07AC4A28525D030017E069 /* MyCustomView.swift in Sources */ = {isa = PBXBuildFile; fileRef = 3C07AC4928525D030017E069 /* MyCustomView.swift */; };
		3C07AC4C285262960017E069 /* SecondViewController.swift in Sources */ = {isa = PBXBuildFile; fileRef = 3C07AC4B285262960017E069 /* SecondViewController.swift */; };
/* End PBXBuildFile section */

/* Begin PBXFileReference section */
		3C07AC2A28524C3C0017E069 /* UITableViewDemo.app */ = {isa = PBXFileReference; explicitFileType = wrapper.application; includeInIndex = 0; path = UITableViewDemo.app; sourceTree = BUILT_PRODUCTS_DIR; };
		3C07AC2D28524C3C0017E069 /* AppDelegate.swift */ = {isa = PBXFileReference; lastKnownFileType = sourcecode.swift; path = AppDelegate.swift; sourceTree = "<group>"; };
		3C07AC2F28524C3C0017E069 /* SceneDelegate.swift */ = {isa = PBXFileReference; lastKnownFileType = sourcecode.swift; path = SceneDelegate.swift; sourceTree = "<group>"; };
		3C07AC3128524C3C0017E069 /* ViewController.swift */ = {isa = PBXFileReference; lastKnownFileType = sourcecode.swift; path = ViewController.swift; sourceTree = "<group>"; };
		3C07AC3628524C3D0017E069 /* Assets.xcassets */ = {isa = PBXFileReference; lastKnownFileType = folder.assetcatalog; path = Assets.xcassets; sourceTree = "<group>"; };
		3C07AC3928524C3D0017E069 /* Base */ = {isa = PBXFileReference; lastKnownFileType = file.storyboard; name = Base; path = Base.lproj/LaunchScreen.storyboard; sourceTree = "<group>"; };
		3C07AC3B28524C3D0017E069 /* Info.plist */ = {isa = PBXFileReference; lastKnownFileType = text.plist.xml; path = Info.plist; sourceTree = "<group>"; };
		3C07AC4128524D410017E069 /* Mock.swift */ = {isa = PBXFileReference; lastKnownFileType = sourcecode.swift; path = Mock.swift; sourceTree = "<group>"; };
		3C07AC4328524D6C0017E069 /* Article.swift */ = {isa = PBXFileReference; lastKnownFileType = sourcecode.swift; path = Article.swift; sourceTree = "<group>"; };
		3C07AC4528524EB10017E069 /* DynamicArticleTableViewCell.swift */ = {isa = PBXFileReference; lastKnownFileType = sourcecode.swift; path = DynamicArticleTableViewCell.swift; sourceTree = "<group>"; };
		3C07AC4728524EFD0017E069 /* StaticArticleTableViewCell.swift */ = {isa = PBXFileReference; lastKnownFileType = sourcecode.swift; path = StaticArticleTableViewCell.swift; sourceTree = "<group>"; };
		3C07AC4928525D030017E069 /* MyCustomView.swift */ = {isa = PBXFileReference; lastKnownFileType = sourcecode.swift; path = MyCustomView.swift; sourceTree = "<group>"; };
		3C07AC4B285262960017E069 /* SecondViewController.swift */ = {isa = PBXFileReference; lastKnownFileType = sourcecode.swift; path = SecondViewController.swift; sourceTree = "<group>"; };
/* End PBXFileReference section */

/* Begin PBXFrameworksBuildPhase section */
		3C07AC2728524C3C0017E069 /* Frameworks */ = {
			isa = PBXFrameworksBuildPhase;
			buildActionMask = 2147483647;
			files = (
			);
			runOnlyForDeploymentPostprocessing = 0;
		};
/* End PBXFrameworksBuildPhase section */

/* Begin PBXGroup section */
		3C07AC2128524C3C0017E069 = {
			isa = PBXGroup;
			children = (
				3C07AC2C28524C3C0017E069 /* UITableViewDemo */,
				3C07AC2B28524C3C0017E069 /* Products */,
			);
			sourceTree = "<group>";
		};
		3C07AC2B28524C3C0017E069 /* Products */ = {
			isa = PBXGroup;
			children = (
				3C07AC2A28524C3C0017E069 /* UITableViewDemo.app */,
			);
			name = Products;
			sourceTree = "<group>";
		};
		3C07AC2C28524C3C0017E069 /* UITableViewDemo */ = {
			isa = PBXGroup;
			children = (
				3C07AC2D28524C3C0017E069 /* AppDelegate.swift */,
				3C07AC2F28524C3C0017E069 /* SceneDelegate.swift */,
				3C07AC3128524C3C0017E069 /* ViewController.swift */,
				3C07AC4B285262960017E069 /* SecondViewController.swift */,
				3C07AC4928525D030017E069 /* MyCustomView.swift */,
				3C07AC4528524EB10017E069 /* DynamicArticleTableViewCell.swift */,
				3C07AC4728524EFD0017E069 /* StaticArticleTableViewCell.swift */,
				3C07AC4128524D410017E069 /* Mock.swift */,
				3C07AC4328524D6C0017E069 /* Article.swift */,
				3C07AC3628524C3D0017E069 /* Assets.xcassets */,
				3C07AC3828524C3D0017E069 /* LaunchScreen.storyboard */,
				3C07AC3B28524C3D0017E069 /* Info.plist */,
			);
			path = UITableViewDemo;
			sourceTree = "<group>";
		};
/* End PBXGroup section */

/* Begin PBXNativeTarget section */
		3C07AC2928524C3C0017E069 /* UITableViewDemo */ = {
			isa = PBXNativeTarget;
			buildConfigurationList = 3C07AC3E28524C3D0017E069 /* Build configuration list for PBXNativeTarget "UITableViewDemo" */;
			buildPhases = (
				3C07AC2628524C3C0017E069 /* Sources */,
				3C07AC2728524C3C0017E069 /* Frameworks */,
				3C07AC2828524C3C0017E069 /* Resources */,
			);
			buildRules = (
			);
			dependencies = (
			);
			name = UITableViewDemo;
			productName = UITableViewDemo;
			productReference = 3C07AC2A28524C3C0017E069 /* UITableViewDemo.app */;
			productType = "com.apple.product-type.application";
		};
/* End PBXNativeTarget section */

/* Begin PBXProject section */
		3C07AC2228524C3C0017E069 /* Project object */ = {
			isa = PBXProject;
			attributes = {
				BuildIndependentTargetsInParallel = 1;
				LastSwiftUpdateCheck = 1340;
				LastUpgradeCheck = 1340;
				TargetAttributes = {
					3C07AC2928524C3C0017E069 = {
						CreatedOnToolsVersion = 13.4;
					};
				};
			};
			buildConfigurationList = 3C07AC2528524C3C0017E069 /* Build configuration list for PBXProject "UITableViewDemo" */;
			compatibilityVersion = "Xcode 13.0";
			developmentRegion = en;
			hasScannedForEncodings = 0;
			knownRegions = (
				en,
				Base,
			);
			mainGroup = 3C07AC2128524C3C0017E069;
			productRefGroup = 3C07AC2B28524C3C0017E069 /* Products */;
			projectDirPath = "";
			projectRoot = "";
			targets = (
				3C07AC2928524C3C0017E069 /* UITableViewDemo */,
			);
		};
/* End PBXProject section */

/* Begin PBXResourcesBuildPhase section */
		3C07AC2828524C3C0017E069 /* Resources */ = {
			isa = PBXResourcesBuildPhase;
			buildActionMask = 2147483647;
			files = (
				3C07AC3A28524C3D0017E069 /* LaunchScreen.storyboard in Resources */,
				3C07AC3728524C3D0017E069 /* Assets.xcassets in Resources */,
			);
			runOnlyForDeploymentPostprocessing = 0;
		};
/* End PBXResourcesBuildPhase section */

/* Begin PBXSourcesBuildPhase section */
		3C07AC2628524C3C0017E069 /* Sources */ = {
			isa = PBXSourcesBuildPhase;
			buildActionMask = 2147483647;
			files = (
				3C07AC4628524EB10017E069 /* DynamicArticleTableViewCell.swift in Sources */,
				3C07AC4A28525D030017E069 /* MyCustomView.swift in Sources */,
				3C07AC4828524EFD0017E069 /* StaticArticleTableViewCell.swift in Sources */,
				3C07AC4C285262960017E069 /* SecondViewController.swift in Sources */,
				3C07AC3228524C3C0017E069 /* ViewController.swift in Sources */,
				3C07AC2E28524C3C0017E069 /* AppDelegate.swift in Sources */,
				3C07AC3028524C3C0017E069 /* SceneDelegate.swift in Sources */,
				3C07AC4228524D410017E069 /* Mock.swift in Sources */,
				3C07AC4428524D6C0017E069 /* Article.swift in Sources */,
			);
			runOnlyForDeploymentPostprocessing = 0;
		};
/* End PBXSourcesBuildPhase section */

/* Begin PBXVariantGroup section */
		3C07AC3828524C3D0017E069 /* LaunchScreen.storyboard */ = {
			isa = PBXVariantGroup;
			children = (
				3C07AC3928524C3D0017E069 /* Base */,
			);
			name = LaunchScreen.storyboard;
			sourceTree = "<group>";
		};
/* End PBXVariantGroup section */

/* Begin XCBuildConfiguration section */
		3C07AC3C28524C3D0017E069 /* Debug */ = {
			isa = XCBuildConfiguration;
			buildSettings = {
				ALWAYS_SEARCH_USER_PATHS = NO;
				CLANG_ANALYZER_NONNULL = YES;
				CLANG_ANALYZER_NUMBER_OBJECT_CONVERSION = YES_AGGRESSIVE;
				CLANG_CXX_LANGUAGE_STANDARD = "gnu++17";
				CLANG_ENABLE_MODULES = YES;
				CLANG_ENABLE_OBJC_ARC = YES;
				CLANG_ENABLE_OBJC_WEAK = YES;
				CLANG_WARN_BLOCK_CAPTURE_AUTORELEASING = YES;
				CLANG_WARN_BOOL_CONVERSION = YES;
				CLANG_WARN_COMMA = YES;
				CLANG_WARN_CONSTANT_CONVERSION = YES;
				CLANG_WARN_DEPRECATED_OBJC_IMPLEMENTATIONS = YES;
				CLANG_WARN_DIRECT_OBJC_ISA_USAGE = YES_ERROR;
				CLANG_WARN_DOCUMENTATION_COMMENTS = YES;
				CLANG_WARN_EMPTY_BODY = YES;
				CLANG_WARN_ENUM_CONVERSION = YES;
				CLANG_WARN_INFINITE_RECURSION = YES;
				CLANG_WARN_INT_CONVERSION = YES;
				CLANG_WARN_NON_LITERAL_NULL_CONVERSION = YES;
				CLANG_WARN_OBJC_IMPLICIT_RETAIN_SELF = YES;
				CLANG_WARN_OBJC_LITERAL_CONVERSION = YES;
				CLANG_WARN_OBJC_ROOT_CLASS = YES_ERROR;
				CLANG_WARN_QUOTED_INCLUDE_IN_FRAMEWORK_HEADER = YES;
				CLANG_WARN_RANGE_LOOP_ANALYSIS = YES;
				CLANG_WARN_STRICT_PROTOTYPES = YES;
				CLANG_WARN_SUSPICIOUS_MOVE = YES;
				CLANG_WARN_UNGUARDED_AVAILABILITY = YES_AGGRESSIVE;
				CLANG_WARN_UNREACHABLE_CODE = YES;
				CLANG_WARN__DUPLICATE_METHOD_MATCH = YES;
				COPY_PHASE_STRIP = NO;
				DEBUG_INFORMATION_FORMAT = dwarf;
				ENABLE_STRICT_OBJC_MSGSEND = YES;
				ENABLE_TESTABILITY = YES;
				GCC_C_LANGUAGE_STANDARD = gnu11;
				GCC_DYNAMIC_NO_PIC = NO;
				GCC_NO_COMMON_BLOCKS = YES;
				GCC_OPTIMIZATION_LEVEL = 0;
				GCC_PREPROCESSOR_DEFINITIONS = (
					"DEBUG=1",
					"$(inherited)",
				);
				GCC_WARN_64_TO_32_BIT_CONVERSION = YES;
				GCC_WARN_ABOUT_RETURN_TYPE = YES_ERROR;
				GCC_WARN_UNDECLARED_SELECTOR = YES;
				GCC_WARN_UNINITIALIZED_AUTOS = YES_AGGRESSIVE;
				GCC_WARN_UNUSED_FUNCTION = YES;
				GCC_WARN_UNUSED_VARIABLE = YES;
				IPHONEOS_DEPLOYMENT_TARGET = 15.5;
				MTL_ENABLE_DEBUG_INFO = INCLUDE_SOURCE;
				MTL_FAST_MATH = YES;
				ONLY_ACTIVE_ARCH = YES;
				SDKROOT = iphoneos;
				SWIFT_ACTIVE_COMPILATION_CONDITIONS = DEBUG;
				SWIFT_OPTIMIZATION_LEVEL = "-Onone";
			};
			name = Debug;
		};
		3C07AC3D28524C3D0017E069 /* Release */ = {
			isa = XCBuildConfiguration;
			buildSettings = {
				ALWAYS_SEARCH_USER_PATHS = NO;
				CLANG_ANALYZER_NONNULL = YES;
				CLANG_ANALYZER_NUMBER_OBJECT_CONVERSION = YES_AGGRESSIVE;
				CLANG_CXX_LANGUAGE_STANDARD = "gnu++17";
				CLANG_ENABLE_MODULES = YES;
				CLANG_ENABLE_OBJC_ARC = YES;
				CLANG_ENABLE_OBJC_WEAK = YES;
				CLANG_WARN_BLOCK_CAPTURE_AUTORELEASING = YES;
				CLANG_WARN_BOOL_CONVERSION = YES;
				CLANG_WARN_COMMA = YES;
				CLANG_WARN_CONSTANT_CONVERSION = YES;
				CLANG_WARN_DEPRECATED_OBJC_IMPLEMENTATIONS = YES;
				CLANG_WARN_DIRECT_OBJC_ISA_USAGE = YES_ERROR;
				CLANG_WARN_DOCUMENTATION_COMMENTS = YES;
				CLANG_WARN_EMPTY_BODY = YES;
				CLANG_WARN_ENUM_CONVERSION = YES;
				CLANG_WARN_INFINITE_RECURSION = YES;
				CLANG_WARN_INT_CONVERSION = YES;
				CLANG_WARN_NON_LITERAL_NULL_CONVERSION = YES;
				CLANG_WARN_OBJC_IMPLICIT_RETAIN_SELF = YES;
				CLANG_WARN_OBJC_LITERAL_CONVERSION = YES;
				CLANG_WARN_OBJC_ROOT_CLASS = YES_ERROR;
				CLANG_WARN_QUOTED_INCLUDE_IN_FRAMEWORK_HEADER = YES;
				CLANG_WARN_RANGE_LOOP_ANALYSIS = YES;
				CLANG_WARN_STRICT_PROTOTYPES = YES;
				CLANG_WARN_SUSPICIOUS_MOVE = YES;
				CLANG_WARN_UNGUARDED_AVAILABILITY = YES_AGGRESSIVE;
				CLANG_WARN_UNREACHABLE_CODE = YES;
				CLANG_WARN__DUPLICATE_METHOD_MATCH = YES;
				COPY_PHASE_STRIP = NO;
				DEBUG_INFORMATION_FORMAT = "dwarf-with-dsym";
				ENABLE_NS_ASSERTIONS = NO;
				ENABLE_STRICT_OBJC_MSGSEND = YES;
				GCC_C_LANGUAGE_STANDARD = gnu11;
				GCC_NO_COMMON_BLOCKS = YES;
				GCC_WARN_64_TO_32_BIT_CONVERSION = YES;
				GCC_WARN_ABOUT_RETURN_TYPE = YES_ERROR;
				GCC_WARN_UNDECLARED_SELECTOR = YES;
				GCC_WARN_UNINITIALIZED_AUTOS = YES_AGGRESSIVE;
				GCC_WARN_UNUSED_FUNCTION = YES;
				GCC_WARN_UNUSED_VARIABLE = YES;
				IPHONEOS_DEPLOYMENT_TARGET = 15.5;
				MTL_ENABLE_DEBUG_INFO = NO;
				MTL_FAST_MATH = YES;
				SDKROOT = iphoneos;
				SWIFT_COMPILATION_MODE = wholemodule;
				SWIFT_OPTIMIZATION_LEVEL = "-O";
				VALIDATE_PRODUCT = YES;
			};
			name = Release;
		};
		3C07AC3F28524C3D0017E069 /* Debug */ = {
			isa = XCBuildConfiguration;
			buildSettings = {
				ASSETCATALOG_COMPILER_APPICON_NAME = AppIcon;
				ASSETCATALOG_COMPILER_GLOBAL_ACCENT_COLOR_NAME = AccentColor;
				CODE_SIGN_STYLE = Automatic;
				CURRENT_PROJECT_VERSION = 1;
				DEVELOPMENT_TEAM = 7LYWWLCN92;
				GENERATE_INFOPLIST_FILE = YES;
				INFOPLIST_FILE = UITableViewDemo/Info.plist;
				INFOPLIST_KEY_UIApplicationSupportsIndirectInputEvents = YES;
				INFOPLIST_KEY_UILaunchStoryboardName = LaunchScreen;
				INFOPLIST_KEY_UISupportedInterfaceOrientations_iPad = "UIInterfaceOrientationPortrait UIInterfaceOrientationPortraitUpsideDown UIInterfaceOrientationLandscapeLeft UIInterfaceOrientationLandscapeRight";
				INFOPLIST_KEY_UISupportedInterfaceOrientations_iPhone = "UIInterfaceOrientationPortrait UIInterfaceOrientationLandscapeLeft UIInterfaceOrientationLandscapeRight";
				IPHONEOS_DEPLOYMENT_TARGET = 15.4;
				LD_RUNPATH_SEARCH_PATHS = (
					"$(inherited)",
					"@executable_path/Frameworks",
				);
				MARKETING_VERSION = 1.0;
				PRODUCT_BUNDLE_IDENTIFIER = tsaidov.UITableViewDemo;
				PRODUCT_NAME = "$(TARGET_NAME)";
				SWIFT_EMIT_LOC_STRINGS = YES;
				SWIFT_VERSION = 5.0;
				TARGETED_DEVICE_FAMILY = "1,2";
			};
			name = Debug;
		};
		3C07AC4028524C3D0017E069 /* Release */ = {
			isa = XCBuildConfiguration;
			buildSettings = {
				ASSETCATALOG_COMPILER_APPICON_NAME = AppIcon;
				ASSETCATALOG_COMPILER_GLOBAL_ACCENT_COLOR_NAME = AccentColor;
				CODE_SIGN_STYLE = Automatic;
				CURRENT_PROJECT_VERSION = 1;
				DEVELOPMENT_TEAM = 7LYWWLCN92;
				GENERATE_INFOPLIST_FILE = YES;
				INFOPLIST_FILE = UITableViewDemo/Info.plist;
				INFOPLIST_KEY_UIApplicationSupportsIndirectInputEvents = YES;
				INFOPLIST_KEY_UILaunchStoryboardName = LaunchScreen;
				INFOPLIST_KEY_UISupportedInterfaceOrientations_iPad = "UIInterfaceOrientationPortrait UIInterfaceOrientationPortraitUpsideDown UIInterfaceOrientationLandscapeLeft UIInterfaceOrientationLandscapeRight";
				INFOPLIST_KEY_UISupportedInterfaceOrientations_iPhone = "UIInterfaceOrientationPortrait UIInterfaceOrientationLandscapeLeft UIInterfaceOrientationLandscapeRight";
				IPHONEOS_DEPLOYMENT_TARGET = 15.4;
				LD_RUNPATH_SEARCH_PATHS = (
					"$(inherited)",
					"@executable_path/Frameworks",
				);
				MARKETING_VERSION = 1.0;
				PRODUCT_BUNDLE_IDENTIFIER = tsaidov.UITableViewDemo;
				PRODUCT_NAME = "$(TARGET_NAME)";
				SWIFT_EMIT_LOC_STRINGS = YES;
				SWIFT_VERSION = 5.0;
				TARGETED_DEVICE_FAMILY = "1,2";
			};
			name = Release;
		};
/* End XCBuildConfiguration section */

/* Begin XCConfigurationList section */
		3C07AC2528524C3C0017E069 /* Build configuration list for PBXProject "UITableViewDemo" */ = {
			isa = XCConfigurationList;
			buildConfigurations = (
				3C07AC3C28524C3D0017E069 /* Debug */,
				3C07AC3D28524C3D0017E069 /* Release */,
			);
			defaultConfigurationIsVisible = 0;
			defaultConfigurationName = Release;
		};
		3C07AC3E28524C3D0017E069 /* Build configuration list for PBXNativeTarget "UITableViewDemo" */ = {
			isa = XCConfigurationList;
			buildConfigurations = (
				3C07AC3F28524C3D0017E069 /* Debug */,
				3C07AC4028524C3D0017E069 /* Release */,
			);
			defaultConfigurationIsVisible = 0;
			defaultConfigurationName = Release;
		};
/* End XCConfigurationList section */
	};
	rootObject = 3C07AC2228524C3C0017E069 /* Project object */;
}
